
Microsoft Visual Studio Solution File, Format Version 12.00
# Visual Studio Version 16
VisualStudioVersion = 16.0.30002.166
MinimumVisualStudioVersion = 10.0.40219.1
Project("{9A19103F-16F7-4668-BE54-9A1E7A4F7556}") = "Pittig", "Pittig.csproj", "{7F87069B-B01B-4831-8121-8B6095CB6023}"
EndProject
Global
	GlobalSection(SolutionConfigurationPlatforms) = preSolution
		Debug|Any CPU = Debug|Any CPU
		Release|Any CPU = Release|Any CPU
	EndGlobalSection
	GlobalSection(ProjectConfigurationPlatforms) = postSolution
		{7F87069B-B01B-4831-8121-8B6095CB6023}.Debug|Any CPU.ActiveCfg = Debug|Any CPU
		{7F87069B-B01B-4831-8121-8B6095CB6023}.Debug|Any CPU.Build.0 = Debug|Any CPU
		{7F87069B-B01B-4831-8121-8B6095CB6023}.Release|Any CPU.ActiveCfg = Release|Any CPU
		{7F87069B-B01B-4831-8121-8B6095CB6023}.Release|Any CPU.Build.0 = Release|Any CPU
	EndGlobalSection
	GlobalSection(SolutionProperties) = preSolution
		HideSolutionNode = FALSE
	EndGlobalSection
	GlobalSection(ExtensibilityGlobals) = postSolution
		SolutionGuid = {D03EAC52-BDBD-48D2-B00B-D8CF1D05CBAC}
	EndGlobalSection
EndGlobal
